
Microsoft Visual Studio Solution File, Format Version 12.00
# Visual Studio 16
Project("{8BC9CEB8-8B4A-11D0-8D11-00A0C91BC942}") = "MaggiLizer", "SoundEnginePlugin\MaggiLizer_Windows_vc160_shared.vcxproj", "{8BC6BEB0-8D5C-B3AE-CC1F-8203EDF1E689}"
	ProjectSection(ProjectDependencies) = postProject
		{DA350AC8-1540-A266-8A44-6AF98E5B9349} = {DA350AC8-1540-A266-8A44-6AF98E5B9349}
	EndProjectSection
EndProject
Project("{8BC9CEB8-8B4A-11D0-8D11-00A0C91BC942}") = "MaggiLizerFX", "SoundEnginePlugin\MaggiLizer_Windows_vc160_static.vcxproj", "{DA350AC8-1540-A266-8A44-6AF98E5B9349}"
EndProject
Global
	GlobalSection(SolutionConfigurationPlatforms) = preSolution
		Debug|Win32 = Debug|Win32
		Debug|x64 = Debug|x64
		Profile_EnableAsserts|Win32 = Profile_EnableAsserts|Win32
		Profile_EnableAsserts|x64 = Profile_EnableAsserts|x64
		Profile|Win32 = Profile|Win32
		Profile|x64 = Profile|x64
		Release|Win32 = Release|Win32
		Release|x64 = Release|x64
	EndGlobalSection
	GlobalSection(ProjectConfigurationPlatforms) = postSolution
		{8BC6BEB0-8D5C-B3AE-CC1F-8203EDF1E689}.Debug|Win32.ActiveCfg = Debug|Win32
		{8BC6BEB0-8D5C-B3AE-CC1F-8203EDF1E689}.Debug|Win32.Build.0 = Debug|Win32
		{8BC6BEB0-8D5C-B3AE-CC1F-8203EDF1E689}.Debug|x64.ActiveCfg = Debug|x64
		{8BC6BEB0-8D5C-B3AE-CC1F-8203EDF1E689}.Debug|x64.Build.0 = Debug|x64
		{8BC6BEB0-8D5C-B3AE-CC1F-8203EDF1E689}.Profile_EnableAsserts|Win32.ActiveCfg = Profile_EnableAsserts|Win32
		{8BC6BEB0-8D5C-B3AE-CC1F-8203EDF1E689}.Profile_EnableAsserts|Win32.Build.0 = Profile_EnableAsserts|Win32
		{8BC6BEB0-8D5C-B3AE-CC1F-8203EDF1E689}.Profile_EnableAsserts|x64.ActiveCfg = Profile_EnableAsserts|x64
		{8BC6BEB0-8D5C-B3AE-CC1F-8203EDF1E689}.Profile_EnableAsserts|x64.Build.0 = Profile_EnableAsserts|x64
		{8BC6BEB0-8D5C-B3AE-CC1F-8203EDF1E689}.Profile|Win32.ActiveCfg = Profile|Win32
		{8BC6BEB0-8D5C-B3AE-CC1F-8203EDF1E689}.Profile|Win32.Build.0 = Profile|Win32
		{8BC6BEB0-8D5C-B3AE-CC1F-8203EDF1E689}.Profile|x64.ActiveCfg = Profile|x64
		{8BC6BEB0-8D5C-B3AE-CC1F-8203EDF1E689}.Profile|x64.Build.0 = Profile|x64
		{8BC6BEB0-8D5C-B3AE-CC1F-8203EDF1E689}.Release|Win32.ActiveCfg = Release|Win32
		{8BC6BEB0-8D5C-B3AE-CC1F-8203EDF1E689}.Release|Win32.Build.0 = Release|Win32
		{8BC6BEB0-8D5C-B3AE-CC1F-8203EDF1E689}.Release|x64.ActiveCfg = Release|x64
		{8BC6BEB0-8D5C-B3AE-CC1F-8203EDF1E689}.Release|x64.Build.0 = Release|x64
		{DA350AC8-1540-A266-8A44-6AF98E5B9349}.Debug|Win32.ActiveCfg = Debug(StaticCRT)|Win32
		{DA350AC8-1540-A266-8A44-6AF98E5B9349}.Debug|Win32.Build.0 = Debug(StaticCRT)|Win32
		{DA350AC8-1540-A266-8A44-6AF98E5B9349}.Debug|x64.ActiveCfg = Debug(StaticCRT)|x64
		{DA350AC8-1540-A266-8A44-6AF98E5B9349}.Debug|x64.Build.0 = Debug(StaticCRT)|x64
		{DA350AC8-1540-A266-8A44-6AF98E5B9349}.Profile_EnableAsserts|Win32.ActiveCfg = Profile(StaticCRT)_EnableAsserts|Win32
		{DA350AC8-1540-A266-8A44-6AF98E5B9349}.Profile_EnableAsserts|Win32.Build.0 = Profile(StaticCRT)_EnableAsserts|Win32
		{DA350AC8-1540-A266-8A44-6AF98E5B9349}.Profile_EnableAsserts|x64.ActiveCfg = Profile(StaticCRT)_EnableAsserts|x64
		{DA350AC8-1540-A266-8A44-6AF98E5B9349}.Profile_EnableAsserts|x64.Build.0 = Profile(StaticCRT)_EnableAsserts|x64
		{DA350AC8-1540-A266-8A44-6AF98E5B9349}.Profile|Win32.ActiveCfg = Profile(StaticCRT)|Win32
		{DA350AC8-1540-A266-8A44-6AF98E5B9349}.Profile|Win32.Build.0 = Profile(StaticCRT)|Win32
		{DA350AC8-1540-A266-8A44-6AF98E5B9349}.Profile|x64.ActiveCfg = Profile(StaticCRT)|x64
		{DA350AC8-1540-A266-8A44-6AF98E5B9349}.Profile|x64.Build.0 = Profile(StaticCRT)|x64
		{DA350AC8-1540-A266-8A44-6AF98E5B9349}.Release|Win32.ActiveCfg = Release(StaticCRT)|Win32
		{DA350AC8-1540-A266-8A44-6AF98E5B9349}.Release|Win32.Build.0 = Release(StaticCRT)|Win32
		{DA350AC8-1540-A266-8A44-6AF98E5B9349}.Release|x64.ActiveCfg = Release(StaticCRT)|x64
		{DA350AC8-1540-A266-8A44-6AF98E5B9349}.Release|x64.Build.0 = Release(StaticCRT)|x64
	EndGlobalSection
	GlobalSection(SolutionProperties) = preSolution
		HideSolutionNode = FALSE
	EndGlobalSection
EndGlobal
