
Microsoft Visual Studio Solution File, Format Version 12.00
# Visual Studio 14
Project("{8BC9CEB8-8B4A-11D0-8D11-00A0C91BC942}") = "MaggiLizer", "WwisePlugin\MaggiLizer_Authoring_Windows_vc140.vcxproj", "{98F0C3C0-66BD-BC2E-0B72-41A11CA1079D}"
	ProjectSection(ProjectDependencies) = postProject
		{86176DA3-C616-6224-16DD-8D873C4DDF7A} = {86176DA3-C616-6224-16DD-8D873C4DDF7A}
	EndProjectSection
EndProject
Project("{8BC9CEB8-8B4A-11D0-8D11-00A0C91BC942}") = "MaggiLizerFX", "SoundEnginePlugin\MaggiLizer_Windows_vc140_static.vcxproj", "{86176DA3-C616-6224-16DD-8D873C4DDF7A}"
EndProject
Global
	GlobalSection(SolutionConfigurationPlatforms) = preSolution
		Debug|x64 = Debug|x64
		Release|x64 = Release|x64
	EndGlobalSection
	GlobalSection(ProjectConfigurationPlatforms) = postSolution
		{98F0C3C0-66BD-BC2E-0B72-41A11CA1079D}.Debug|x64.ActiveCfg = Debug|x64
		{98F0C3C0-66BD-BC2E-0B72-41A11CA1079D}.Debug|x64.Build.0 = Debug|x64
		{98F0C3C0-66BD-BC2E-0B72-41A11CA1079D}.Release|x64.ActiveCfg = Release|x64
		{98F0C3C0-66BD-BC2E-0B72-41A11CA1079D}.Release|x64.Build.0 = Release|x64
		{86176DA3-C616-6224-16DD-8D873C4DDF7A}.Debug|x64.ActiveCfg = Debug|x64
		{86176DA3-C616-6224-16DD-8D873C4DDF7A}.Debug|x64.Build.0 = Debug|x64
		{86176DA3-C616-6224-16DD-8D873C4DDF7A}.Release|x64.ActiveCfg = Profile|x64
		{86176DA3-C616-6224-16DD-8D873C4DDF7A}.Release|x64.Build.0 = Profile|x64
	EndGlobalSection
	GlobalSection(SolutionProperties) = preSolution
		HideSolutionNode = FALSE
	EndGlobalSection
EndGlobal
